
Microsoft Visual Studio Solution File, Format Version 12.00
# Visual Studio Version 16
VisualStudioVersion = 16.0.31624.102
MinimumVisualStudioVersion = 10.0.40219.1
Project("{9A19103F-16F7-4668-BE54-9A1E7A4F7556}") = "xServerD", "xServer.D\xServerD.csproj", "{F544740C-9878-4DEB-93E4-6B5A21284BED}"
EndProject
Global
	GlobalSection(SolutionConfigurationPlatforms) = preSolution
		Debug|Any CPU = Debug|Any CPU
		Release|Any CPU = Release|Any CPU
	EndGlobalSection
	GlobalSection(ProjectConfigurationPlatforms) = postSolution
		{F544740C-9878-4DEB-93E4-6B5A21284BED}.Debug|Any CPU.ActiveCfg = Debug|Any CPU
		{F544740C-9878-4DEB-93E4-6B5A21284BED}.Debug|Any CPU.Build.0 = Debug|Any CPU
		{F544740C-9878-4DEB-93E4-6B5A21284BED}.Release|Any CPU.ActiveCfg = Release|Any CPU
		{F544740C-9878-4DEB-93E4-6B5A21284BED}.Release|Any CPU.Build.0 = Release|Any CPU
	EndGlobalSection
	GlobalSection(SolutionProperties) = preSolution
		HideSolutionNode = FALSE
	EndGlobalSection
	GlobalSection(ExtensibilityGlobals) = postSolution
		SolutionGuid = {EB4064F1-C720-4B61-8FCA-249A44A3E97F}
	EndGlobalSection
EndGlobal
